
Microsoft Visual Studio Solution File, Format Version 12.00
# Visual Studio Version 17
VisualStudioVersion = 17.4.33213.308
MinimumVisualStudioVersion = 10.0.40219.1
Project("{FAE04EC0-301F-11D3-BF4B-00C04F79EFBC}") = "Задача 161", "Задача 161\Задача 161.csproj", "{A719D79C-C992-452D-BEC1-9B8541295AE1}"
EndProject
Global
	GlobalSection(SolutionConfigurationPlatforms) = preSolution
		Debug|Any CPU = Debug|Any CPU
		Release|Any CPU = Release|Any CPU
	EndGlobalSection
	GlobalSection(ProjectConfigurationPlatforms) = postSolution
		{A719D79C-C992-452D-BEC1-9B8541295AE1}.Debug|Any CPU.ActiveCfg = Debug|Any CPU
		{A719D79C-C992-452D-BEC1-9B8541295AE1}.Debug|Any CPU.Build.0 = Debug|Any CPU
		{A719D79C-C992-452D-BEC1-9B8541295AE1}.Release|Any CPU.ActiveCfg = Release|Any CPU
		{A719D79C-C992-452D-BEC1-9B8541295AE1}.Release|Any CPU.Build.0 = Release|Any CPU
	EndGlobalSection
	GlobalSection(SolutionProperties) = preSolution
		HideSolutionNode = FALSE
	EndGlobalSection
	GlobalSection(ExtensibilityGlobals) = postSolution
		SolutionGuid = {BB7487FE-8FC2-4333-8DDE-421ECDC79619}
	EndGlobalSection
EndGlobal
